// !$*UTF8*$!
{
	archiveVersion = 1;
	classes = {
	};
	objectVersion = 46;
	objects = {

/* Begin PBXBuildFile section */
		6F88C31E1B9553E500918447 /* AppDelegate.swift in Sources */ = {isa = PBXBuildFile; fileRef = 6F88C31D1B9553E500918447 /* AppDelegate.swift */; };
		6F88C3201B9553E500918447 /* ViewController.swift in Sources */ = {isa = PBXBuildFile; fileRef = 6F88C31F1B9553E500918447 /* ViewController.swift */; };
		6F88C3231B9553E500918447 /* Main.storyboard in Resources */ = {isa = PBXBuildFile; fileRef = 6F88C3211B9553E500918447 /* Main.storyboard */; };
		6F88C3251B9553E500918447 /* Images.xcassets in Resources */ = {isa = PBXBuildFile; fileRef = 6F88C3241B9553E500918447 /* Images.xcassets */; };
		6F88C3281B9553E500918447 /* LaunchScreen.xib in Resources */ = {isa = PBXBuildFile; fileRef = 6F88C3261B9553E500918447 /* LaunchScreen.xib */; };
		6F88C3341B9553E500918447 /* TestScaleTests.swift in Sources */ = {isa = PBXBuildFile; fileRef = 6F88C3331B9553E500918447 /* TestScaleTests.swift */; };
		6F88C33E1B95704D00918447 /* uiData.swift in Sources */ = {isa = PBXBuildFile; fileRef = 6F88C33D1B95704D00918447 /* uiData.swift */; };
		6F88C3A21B95E3B500918447 /* Player.swift in Sources */ = {isa = PBXBuildFile; fileRef = 6F88C3A11B95E3B500918447 /* Player.swift */; };
		6F88C3A41B95E3BE00918447 /* VideoFeeds.swift in Sources */ = {isa = PBXBuildFile; fileRef = 6F88C3A31B95E3BE00918447 /* VideoFeeds.swift */; };
/* End PBXBuildFile section */

/* Begin PBXContainerItemProxy section */
		6F88C32E1B9553E500918447 /* PBXContainerItemProxy */ = {
			isa = PBXContainerItemProxy;
			containerPortal = 6F88C3101B9553E500918447 /* Project object */;
			proxyType = 1;
			remoteGlobalIDString = 6F88C3171B9553E500918447;
			remoteInfo = TestScale;
		};
/* End PBXContainerItemProxy section */

/* Begin PBXFileReference section */
		6F88C3181B9553E500918447 /* TestScale.app */ = {isa = PBXFileReference; explicitFileType = wrapper.application; includeInIndex = 0; path = TestScale.app; sourceTree = BUILT_PRODUCTS_DIR; };
		6F88C31C1B9553E500918447 /* Info.plist */ = {isa = PBXFileReference; lastKnownFileType = text.plist.xml; path = Info.plist; sourceTree = "<group>"; };
		6F88C31D1B9553E500918447 /* AppDelegate.swift */ = {isa = PBXFileReference; lastKnownFileType = sourcecode.swift; path = AppDelegate.swift; sourceTree = "<group>"; };
		6F88C31F1B9553E500918447 /* ViewController.swift */ = {isa = PBXFileReference; lastKnownFileType = sourcecode.swift; path = ViewController.swift; sourceTree = "<group>"; };
		6F88C3221B9553E500918447 /* Base */ = {isa = PBXFileReference; lastKnownFileType = file.storyboard; name = Base; path = Base.lproj/Main.storyboard; sourceTree = "<group>"; };
		6F88C3241B9553E500918447 /* Images.xcassets */ = {isa = PBXFileReference; lastKnownFileType = folder.assetcatalog; path = Images.xcassets; sourceTree = "<group>"; };
		6F88C3271B9553E500918447 /* Base */ = {isa = PBXFileReference; lastKnownFileType = file.xib; name = Base; path = Base.lproj/LaunchScreen.xib; sourceTree = "<group>"; };
		6F88C32D1B9553E500918447 /* TestScaleTests.xctest */ = {isa = PBXFileReference; explicitFileType = wrapper.cfbundle; includeInIndex = 0; path = TestScaleTests.xctest; sourceTree = BUILT_PRODUCTS_DIR; };
		6F88C3321B9553E500918447 /* Info.plist */ = {isa = PBXFileReference; lastKnownFileType = text.plist.xml; path = Info.plist; sourceTree = "<group>"; };
		6F88C3331B9553E500918447 /* TestScaleTests.swift */ = {isa = PBXFileReference; lastKnownFileType = sourcecode.swift; path = TestScaleTests.swift; sourceTree = "<group>"; };
		6F88C33D1B95704D00918447 /* uiData.swift */ = {isa = PBXFileReference; fileEncoding = 4; lastKnownFileType = sourcecode.swift; path = uiData.swift; sourceTree = "<group>"; };
		6F88C3A11B95E3B500918447 /* Player.swift */ = {isa = PBXFileReference; fileEncoding = 4; lastKnownFileType = sourcecode.swift; path = Player.swift; sourceTree = "<group>"; };
		6F88C3A31B95E3BE00918447 /* VideoFeeds.swift */ = {isa = PBXFileReference; fileEncoding = 4; lastKnownFileType = sourcecode.swift; path = VideoFeeds.swift; sourceTree = "<group>"; };
/* End PBXFileReference section */

/* Begin PBXFrameworksBuildPhase section */
		6F88C3151B9553E500918447 /* Frameworks */ = {
			isa = PBXFrameworksBuildPhase;
			buildActionMask = 2147483647;
			files = (
			);
			runOnlyForDeploymentPostprocessing = 0;
		};
		6F88C32A1B9553E500918447 /* Frameworks */ = {
			isa = PBXFrameworksBuildPhase;
			buildActionMask = 2147483647;
			files = (
			);
			runOnlyForDeploymentPostprocessing = 0;
		};
/* End PBXFrameworksBuildPhase section */

/* Begin PBXGroup section */
		6F88C30F1B9553E500918447 = {
			isa = PBXGroup;
			children = (
				6F88C31A1B9553E500918447 /* TestScale */,
				6F88C3301B9553E500918447 /* TestScaleTests */,
				6F88C3191B9553E500918447 /* Products */,
			);
			sourceTree = "<group>";
		};
		6F88C3191B9553E500918447 /* Products */ = {
			isa = PBXGroup;
			children = (
				6F88C3181B9553E500918447 /* TestScale.app */,
				6F88C32D1B9553E500918447 /* TestScaleTests.xctest */,
			);
			name = Products;
			sourceTree = "<group>";
		};
		6F88C31A1B9553E500918447 /* TestScale */ = {
			isa = PBXGroup;
			children = (
				6F88C31D1B9553E500918447 /* AppDelegate.swift */,
				6F88C3A31B95E3BE00918447 /* VideoFeeds.swift */,
				6F88C31F1B9553E500918447 /* ViewController.swift */,
				6F88C3211B9553E500918447 /* Main.storyboard */,
				6F88C3241B9553E500918447 /* Images.xcassets */,
				6F88C3261B9553E500918447 /* LaunchScreen.xib */,
				6F88C31B1B9553E500918447 /* Supporting Files */,
				6F88C33D1B95704D00918447 /* uiData.swift */,
			);
			path = TestScale;
			sourceTree = "<group>";
		};
		6F88C31B1B9553E500918447 /* Supporting Files */ = {
			isa = PBXGroup;
			children = (
				6F88C3A11B95E3B500918447 /* Player.swift */,
				6F88C31C1B9553E500918447 /* Info.plist */,
			);
			name = "Supporting Files";
			sourceTree = "<group>";
		};
		6F88C3301B9553E500918447 /* TestScaleTests */ = {
			isa = PBXGroup;
			children = (
				6F88C3331B9553E500918447 /* TestScaleTests.swift */,
				6F88C3311B9553E500918447 /* Supporting Files */,
			);
			path = TestScaleTests;
			sourceTree = "<group>";
		};
		6F88C3311B9553E500918447 /* Supporting Files */ = {
			isa = PBXGroup;
			children = (
				6F88C3321B9553E500918447 /* Info.plist */,
			);
			name = "Supporting Files";
			sourceTree = "<group>";
		};
/* End PBXGroup section */

/* Begin PBXNativeTarget section */
		6F88C3171B9553E500918447 /* TestScale */ = {
			isa = PBXNativeTarget;
			buildConfigurationList = 6F88C3371B9553E500918447 /* Build configuration list for PBXNativeTarget "TestScale" */;
			buildPhases = (
				6F88C3141B9553E500918447 /* Sources */,
				6F88C3151B9553E500918447 /* Frameworks */,
				6F88C3161B9553E500918447 /* Resources */,
			);
			buildRules = (
			);
			dependencies = (
			);
			name = TestScale;
			productName = TestScale;
			productReference = 6F88C3181B9553E500918447 /* TestScale.app */;
			productType = "com.apple.product-type.application";
		};
		6F88C32C1B9553E500918447 /* TestScaleTests */ = {
			isa = PBXNativeTarget;
			buildConfigurationList = 6F88C33A1B9553E500918447 /* Build configuration list for PBXNativeTarget "TestScaleTests" */;
			buildPhases = (
				6F88C3291B9553E500918447 /* Sources */,
				6F88C32A1B9553E500918447 /* Frameworks */,
				6F88C32B1B9553E500918447 /* Resources */,
			);
			buildRules = (
			);
			dependencies = (
				6F88C32F1B9553E500918447 /* PBXTargetDependency */,
			);
			name = TestScaleTests;
			productName = TestScaleTests;
			productReference = 6F88C32D1B9553E500918447 /* TestScaleTests.xctest */;
			productType = "com.apple.product-type.bundle.unit-test";
		};
/* End PBXNativeTarget section */

/* Begin PBXProject section */
		6F88C3101B9553E500918447 /* Project object */ = {
			isa = PBXProject;
			attributes = {
				LastUpgradeCheck = 0640;
				ORGANIZATIONNAME = shikaiwen;
				TargetAttributes = {
					6F88C3171B9553E500918447 = {
						CreatedOnToolsVersion = 6.4;
					};
					6F88C32C1B9553E500918447 = {
						CreatedOnToolsVersion = 6.4;
						TestTargetID = 6F88C3171B9553E500918447;
					};
				};
			};
			buildConfigurationList = 6F88C3131B9553E500918447 /* Build configuration list for PBXProject "TestScale" */;
			compatibilityVersion = "Xcode 3.2";
			developmentRegion = English;
			hasScannedForEncodings = 0;
			knownRegions = (
				en,
				Base,
			);
			mainGroup = 6F88C30F1B9553E500918447;
			productRefGroup = 6F88C3191B9553E500918447 /* Products */;
			projectDirPath = "";
			projectRoot = "";
			targets = (
				6F88C3171B9553E500918447 /* TestScale */,
				6F88C32C1B9553E500918447 /* TestScaleTests */,
			);
		};
/* End PBXProject section */

/* Begin PBXResourcesBuildPhase section */
		6F88C3161B9553E500918447 /* Resources */ = {
			isa = PBXResourcesBuildPhase;
			buildActionMask = 2147483647;
			files = (
				6F88C3231B9553E500918447 /* Main.storyboard in Resources */,
				6F88C3281B9553E500918447 /* LaunchScreen.xib in Resources */,
				6F88C3251B9553E500918447 /* Images.xcassets in Resources */,
			);
			runOnlyForDeploymentPostprocessing = 0;
		};
		6F88C32B1B9553E500918447 /* Resources */ = {
			isa = PBXResourcesBuildPhase;
			buildActionMask = 2147483647;
			files = (
			);
			runOnlyForDeploymentPostprocessing = 0;
		};
/* End PBXResourcesBuildPhase section */

/* Begin PBXSourcesBuildPhase section */
		6F88C3141B9553E500918447 /* Sources */ = {
			isa = PBXSourcesBuildPhase;
			buildActionMask = 2147483647;
			files = (
				6F88C3A21B95E3B500918447 /* Player.swift in Sources */,
				6F88C33E1B95704D00918447 /* uiData.swift in Sources */,
				6F88C3201B9553E500918447 /* ViewController.swift in Sources */,
				6F88C3A41B95E3BE00918447 /* VideoFeeds.swift in Sources */,
				6F88C31E1B9553E500918447 /* AppDelegate.swift in Sources */,
			);
			runOnlyForDeploymentPostprocessing = 0;
		};
		6F88C3291B9553E500918447 /* Sources */ = {
			isa = PBXSourcesBuildPhase;
			buildActionMask = 2147483647;
			files = (
				6F88C3341B9553E500918447 /* TestScaleTests.swift in Sources */,
			);
			runOnlyForDeploymentPostprocessing = 0;
		};
/* End PBXSourcesBuildPhase section */

/* Begin PBXTargetDependency section */
		6F88C32F1B9553E500918447 /* PBXTargetDependency */ = {
			isa = PBXTargetDependency;
			target = 6F88C3171B9553E500918447 /* TestScale */;
			targetProxy = 6F88C32E1B9553E500918447 /* PBXContainerItemProxy */;
		};
/* End PBXTargetDependency section */

/* Begin PBXVariantGroup section */
		6F88C3211B9553E500918447 /* Main.storyboard */ = {
			isa = PBXVariantGroup;
			children = (
				6F88C3221B9553E500918447 /* Base */,
			);
			name = Main.storyboard;
			sourceTree = "<group>";
		};
		6F88C3261B9553E500918447 /* LaunchScreen.xib */ = {
			isa = PBXVariantGroup;
			children = (
				6F88C3271B9553E500918447 /* Base */,
			);
			name = LaunchScreen.xib;
			sourceTree = "<group>";
		};
/* End PBXVariantGroup section */

/* Begin XCBuildConfiguration section */
		6F88C3351B9553E500918447 /* Debug */ = {
			isa = XCBuildConfiguration;
			buildSettings = {
				ALWAYS_SEARCH_USER_PATHS = NO;
				CLANG_CXX_LANGUAGE_STANDARD = "gnu++0x";
				CLANG_CXX_LIBRARY = "libc++";
				CLANG_ENABLE_MODULES = YES;
				CLANG_ENABLE_OBJC_ARC = YES;
				CLANG_WARN_BOOL_CONVERSION = YES;
				CLANG_WARN_CONSTANT_CONVERSION = YES;
				CLANG_WARN_DIRECT_OBJC_ISA_USAGE = YES_ERROR;
				CLANG_WARN_EMPTY_BODY = YES;
				CLANG_WARN_ENUM_CONVERSION = YES;
				CLANG_WARN_INT_CONVERSION = YES;
				CLANG_WARN_OBJC_ROOT_CLASS = YES_ERROR;
				CLANG_WARN_UNREACHABLE_CODE = YES;
				CLANG_WARN__DUPLICATE_METHOD_MATCH = YES;
				"CODE_SIGN_IDENTITY[sdk=iphoneos*]" = "iPhone Developer";
				COPY_PHASE_STRIP = NO;
				DEBUG_INFORMATION_FORMAT = "dwarf-with-dsym";
				ENABLE_STRICT_OBJC_MSGSEND = YES;
				GCC_C_LANGUAGE_STANDARD = gnu99;
				GCC_DYNAMIC_NO_PIC = NO;
				GCC_NO_COMMON_BLOCKS = YES;
				GCC_OPTIMIZATION_LEVEL = 0;
				GCC_PREPROCESSOR_DEFINITIONS = (
					"DEBUG=1",
					"$(inherited)",
				);
				GCC_SYMBOLS_PRIVATE_EXTERN = NO;
				GCC_WARN_64_TO_32_BIT_CONVERSION = YES;
				GCC_WARN_ABOUT_RETURN_TYPE = YES_ERROR;
				GCC_WARN_UNDECLARED_SELECTOR = YES;
				GCC_WARN_UNINITIALIZED_AUTOS = YES_AGGRESSIVE;
				GCC_WARN_UNUSED_FUNCTION = YES;
				GCC_WARN_UNUSED_VARIABLE = YES;
				IPHONEOS_DEPLOYMENT_TARGET = 8.4;
				MTL_ENABLE_DEBUG_INFO = YES;
				ONLY_ACTIVE_ARCH = YES;
				SDKROOT = iphoneos;
				SWIFT_OPTIMIZATION_LEVEL = "-Onone";
				TARGETED_DEVICE_FAMILY = "1,2";
			};
			name = Debug;
		};
		6F88C3361B9553E500918447 /* Release */ = {
			isa = XCBuildConfiguration;
			buildSettings = {
				ALWAYS_SEARCH_USER_PATHS = NO;
				CLANG_CXX_LANGUAGE_STANDARD = "gnu++0x";
				CLANG_CXX_LIBRARY = "libc++";
				CLANG_ENABLE_MODULES = YES;
				CLANG_ENABLE_OBJC_ARC = YES;
				CLANG_WARN_BOOL_CONVERSION = YES;
				CLANG_WARN_CONSTANT_CONVERSION = YES;
				CLANG_WARN_DIRECT_OBJC_ISA_USAGE = YES_ERROR;
				CLANG_WARN_EMPTY_BODY = YES;
				CLANG_WARN_ENUM_CONVERSION = YES;
				CLANG_WARN_INT_CONVERSION = YES;
				CLANG_WARN_OBJC_ROOT_CLASS = YES_ERROR;
				CLANG_WARN_UNREACHABLE_CODE = YES;
				CLANG_WARN__DUPLICATE_METHOD_MATCH = YES;
				"CODE_SIGN_IDENTITY[sdk=iphoneos*]" = "iPhone Developer";
				COPY_PHASE_STRIP = NO;
				DEBUG_INFORMATION_FORMAT = "dwarf-with-dsym";
				ENABLE_NS_ASSERTIONS = NO;
				ENABLE_STRICT_OBJC_MSGSEND = YES;
				GCC_C_LANGUAGE_STANDARD = gnu99;
				GCC_NO_COMMON_BLOCKS = YES;
				GCC_WARN_64_TO_32_BIT_CONVERSION = YES;
				GCC_WARN_ABOUT_RETURN_TYPE = YES_ERROR;
				GCC_WARN_UNDECLARED_SELECTOR = YES;
				GCC_WARN_UNINITIALIZED_AUTOS = YES_AGGRESSIVE;
				GCC_WARN_UNUSED_FUNCTION = YES;
				GCC_WARN_UNUSED_VARIABLE = YES;
				IPHONEOS_DEPLOYMENT_TARGET = 8.4;
				MTL_ENABLE_DEBUG_INFO = NO;
				SDKROOT = iphoneos;
				TARGETED_DEVICE_FAMILY = "1,2";
				VALIDATE_PRODUCT = YES;
			};
			name = Release;
		};
		6F88C3381B9553E500918447 /* Debug */ = {
			isa = XCBuildConfiguration;
			buildSettings = {
				ASSETCATALOG_COMPILER_APPICON_NAME = AppIcon;
				INFOPLIST_FILE = TestScale/Info.plist;
				LD_RUNPATH_SEARCH_PATHS = "$(inherited) @executable_path/Frameworks";
				PRODUCT_NAME = "$(TARGET_NAME)";
			};
			name = Debug;
		};
		6F88C3391B9553E500918447 /* Release */ = {
			isa = XCBuildConfiguration;
			buildSettings = {
				ASSETCATALOG_COMPILER_APPICON_NAME = AppIcon;
				INFOPLIST_FILE = TestScale/Info.plist;
				LD_RUNPATH_SEARCH_PATHS = "$(inherited) @executable_path/Frameworks";
				PRODUCT_NAME = "$(TARGET_NAME)";
			};
			name = Release;
		};
		6F88C33B1B9553E500918447 /* Debug */ = {
			isa = XCBuildConfiguration;
			buildSettings = {
				BUNDLE_LOADER = "$(TEST_HOST)";
				FRAMEWORK_SEARCH_PATHS = (
					"$(SDKROOT)/Developer/Library/Frameworks",
					"$(inherited)",
				);
				GCC_PREPROCESSOR_DEFINITIONS = (
					"DEBUG=1",
					"$(inherited)",
				);
				INFOPLIST_FILE = TestScaleTests/Info.plist;
				LD_RUNPATH_SEARCH_PATHS = "$(inherited) @executable_path/Frameworks @loader_path/Frameworks";
				PRODUCT_NAME = "$(TARGET_NAME)";
				TEST_HOST = "$(BUILT_PRODUCTS_DIR)/TestScale.app/TestScale";
			};
			name = Debug;
		};
		6F88C33C1B9553E500918447 /* Release */ = {
			isa = XCBuildConfiguration;
			buildSettings = {
				BUNDLE_LOADER = "$(TEST_HOST)";
				FRAMEWORK_SEARCH_PATHS = (
					"$(SDKROOT)/Developer/Library/Frameworks",
					"$(inherited)",
				);
				INFOPLIST_FILE = TestScaleTests/Info.plist;
				LD_RUNPATH_SEARCH_PATHS = "$(inherited) @executable_path/Frameworks @loader_path/Frameworks";
				PRODUCT_NAME = "$(TARGET_NAME)";
				TEST_HOST = "$(BUILT_PRODUCTS_DIR)/TestScale.app/TestScale";
			};
			name = Release;
		};
/* End XCBuildConfiguration section */

/* Begin XCConfigurationList section */
		6F88C3131B9553E500918447 /* Build configuration list for PBXProject "TestScale" */ = {
			isa = XCConfigurationList;
			buildConfigurations = (
				6F88C3351B9553E500918447 /* Debug */,
				6F88C3361B9553E500918447 /* Release */,
			);
			defaultConfigurationIsVisible = 0;
			defaultConfigurationName = Release;
		};
		6F88C3371B9553E500918447 /* Build configuration list for PBXNativeTarget "TestScale" */ = {
			isa = XCConfigurationList;
			buildConfigurations = (
				6F88C3381B9553E500918447 /* Debug */,
				6F88C3391B9553E500918447 /* Release */,
			);
			defaultConfigurationIsVisible = 0;
			defaultConfigurationName = Release;
		};
		6F88C33A1B9553E500918447 /* Build configuration list for PBXNativeTarget "TestScaleTests" */ = {
			isa = XCConfigurationList;
			buildConfigurations = (
				6F88C33B1B9553E500918447 /* Debug */,
				6F88C33C1B9553E500918447 /* Release */,
			);
			defaultConfigurationIsVisible = 0;
			defaultConfigurationName = Release;
		};
/* End XCConfigurationList section */
	};
	rootObject = 6F88C3101B9553E500918447 /* Project object */;
}
